// !$*UTF8*$!
{
	archiveVersion = 1;
	classes = {
	};
	objectVersion = 46;
	objects = {

/* Begin PBXBuildFile section */
		ED059C2616AAACFD0085BC0B /* BWStatusBarOverlay.m in Sources */ = {isa = PBXBuildFile; fileRef = ED059C1F16AAACFD0085BC0B /* BWStatusBarOverlay.m */; };
		ED059C2716AAACFD0085BC0B /* status-bar-pattern-black.jpg in Resources */ = {isa = PBXBuildFile; fileRef = ED059C2016AAACFD0085BC0B /* status-bar-pattern-black.jpg */; };
		ED059C2816AAACFD0085BC0B /* status-bar-pattern-black@2x.jpg in Resources */ = {isa = PBXBuildFile; fileRef = ED059C2116AAACFD0085BC0B /* status-bar-pattern-black@2x.jpg */; };
		ED059C2916AAACFD0085BC0B /* status-bar-pattern-default.jpg in Resources */ = {isa = PBXBuildFile; fileRef = ED059C2216AAACFD0085BC0B /* status-bar-pattern-default.jpg */; };
		ED059C2A16AAACFD0085BC0B /* status-bar-pattern-default@2x.jpg in Resources */ = {isa = PBXBuildFile; fileRef = ED059C2316AAACFD0085BC0B /* status-bar-pattern-default@2x.jpg */; };
		ED059C2B16AAACFD0085BC0B /* status-bar-progress.png in Resources */ = {isa = PBXBuildFile; fileRef = ED059C2416AAACFD0085BC0B /* status-bar-progress.png */; };
		ED059C2C16AAACFD0085BC0B /* status-bar-progress@2x.png in Resources */ = {isa = PBXBuildFile; fileRef = ED059C2516AAACFD0085BC0B /* status-bar-progress@2x.png */; };
		ED1900AC16AA413000865CB2 /* ICImageViewController.m in Sources */ = {isa = PBXBuildFile; fileRef = ED1900AB16AA413000865CB2 /* ICImageViewController.m */; };
		ED287BE716AA4A8A009C2344 /* Icon@2x.png in Resources */ = {isa = PBXBuildFile; fileRef = ED287BE616AA4A8A009C2344 /* Icon@2x.png */; };
		ED287BEA16AA4A8E009C2344 /* Icon.png in Resources */ = {isa = PBXBuildFile; fileRef = ED287BE916AA4A8E009C2344 /* Icon.png */; };
		ED37F3FB16AABDB8000388AF /* FacingView.m in Sources */ = {isa = PBXBuildFile; fileRef = ED37F3E516AABDB8000388AF /* FacingView.m */; };
		ED37F3FC16AABDB8000388AF /* FoldView.m in Sources */ = {isa = PBXBuildFile; fileRef = ED37F3E716AABDB8000388AF /* FoldView.m */; };
		ED37F3FD16AABDB8000388AF /* MultiFoldView.m in Sources */ = {isa = PBXBuildFile; fileRef = ED37F3E916AABDB8000388AF /* MultiFoldView.m */; };
		ED37F3FE16AABDB8000388AF /* PaperFoldNavigationController.m in Sources */ = {isa = PBXBuildFile; fileRef = ED37F3EC16AABDB8000388AF /* PaperFoldNavigationController.m */; };
		ED37F3FF16AABDB8000388AF /* PaperFoldResources.bundle in Resources */ = {isa = PBXBuildFile; fileRef = ED37F3ED16AABDB8000388AF /* PaperFoldResources.bundle */; };
		ED37F40016AABDB8000388AF /* PaperFoldSwipeHintView.m in Sources */ = {isa = PBXBuildFile; fileRef = ED37F3EF16AABDB8000388AF /* PaperFoldSwipeHintView.m */; };
		ED37F40116AABDB8000388AF /* PaperFoldView.m in Sources */ = {isa = PBXBuildFile; fileRef = ED37F3F116AABDB8000388AF /* PaperFoldView.m */; };
		ED37F40216AABDB8000388AF /* swipe_guide.psd in Resources */ = {isa = PBXBuildFile; fileRef = ED37F3F316AABDB8000388AF /* swipe_guide.psd */; };
		ED37F40316AABDB8000388AF /* swipe_guide2.psd in Resources */ = {isa = PBXBuildFile; fileRef = ED37F3F416AABDB8000388AF /* swipe_guide2.psd */; };
		ED37F40416AABDB8000388AF /* ShadowView.m in Sources */ = {isa = PBXBuildFile; fileRef = ED37F3F616AABDB8000388AF /* ShadowView.m */; };
		ED37F40516AABDB8000388AF /* TouchThroughUIView.m in Sources */ = {isa = PBXBuildFile; fileRef = ED37F3F816AABDB8000388AF /* TouchThroughUIView.m */; };
		ED37F40616AABDB8000388AF /* UIView+Screenshot.m in Sources */ = {isa = PBXBuildFile; fileRef = ED37F3FA16AABDB8000388AF /* UIView+Screenshot.m */; };
		ED5E2FAA16AA99DC00BB1418 /* EDStorageManager.m in Sources */ = {isa = PBXBuildFile; fileRef = ED5E2F9B16AA99DC00BB1418 /* EDStorageManager.m */; settings = {COMPILER_FLAGS = "-fno-objc-arc"; }; };
		ED5E2FAB16AA99DC00BB1418 /* EDStorageOperation.m in Sources */ = {isa = PBXBuildFile; fileRef = ED5E2F9D16AA99DC00BB1418 /* EDStorageOperation.m */; settings = {COMPILER_FLAGS = "-fno-objc-arc"; }; };
		ED5E2FAC16AA99DC00BB1418 /* NSData+Storage.m in Sources */ = {isa = PBXBuildFile; fileRef = ED5E2F9F16AA99DC00BB1418 /* NSData+Storage.m */; };
		ED5E2FAD16AA99DC00BB1418 /* UIImage+Storage.m in Sources */ = {isa = PBXBuildFile; fileRef = ED5E2FA116AA99DC00BB1418 /* UIImage+Storage.m */; };
		ED5E2FAE16AA99DC00BB1418 /* EIImagePickerDelegate.m in Sources */ = {isa = PBXBuildFile; fileRef = ED5E2FA316AA99DC00BB1418 /* EIImagePickerDelegate.m */; };
		ED5E2FAF16AA99DC00BB1418 /* StandardPaths.m in Sources */ = {isa = PBXBuildFile; fileRef = ED5E2FA716AA99DC00BB1418 /* StandardPaths.m */; };
		ED5E2FB016AA99DC00BB1418 /* UIImage+Resize.m in Sources */ = {isa = PBXBuildFile; fileRef = ED5E2FA916AA99DC00BB1418 /* UIImage+Resize.m */; };
		ED63105416AA2F42001E0CE2 /* FabricBackground.png in Resources */ = {isa = PBXBuildFile; fileRef = ED63104E16AA2F42001E0CE2 /* FabricBackground.png */; };
		ED63105516AA2F42001E0CE2 /* FabricBackground@2x.png in Resources */ = {isa = PBXBuildFile; fileRef = ED63104F16AA2F42001E0CE2 /* FabricBackground@2x.png */; };
		ED63105616AA2F42001E0CE2 /* GreetingOverlay.png in Resources */ = {isa = PBXBuildFile; fileRef = ED63105016AA2F42001E0CE2 /* GreetingOverlay.png */; };
		ED63105716AA2F42001E0CE2 /* GreetingOverlay@2x.png in Resources */ = {isa = PBXBuildFile; fileRef = ED63105116AA2F42001E0CE2 /* GreetingOverlay@2x.png */; };
		ED63105816AA2F42001E0CE2 /* TopBar.png in Resources */ = {isa = PBXBuildFile; fileRef = ED63105216AA2F42001E0CE2 /* TopBar.png */; };
		ED63105916AA2F42001E0CE2 /* TopBar@2x.png in Resources */ = {isa = PBXBuildFile; fileRef = ED63105316AA2F42001E0CE2 /* TopBar@2x.png */; };
		ED63107216AA3520001E0CE2 /* SDImageCache.m in Sources */ = {isa = PBXBuildFile; fileRef = ED63105F16AA3520001E0CE2 /* SDImageCache.m */; };
		ED63107316AA3520001E0CE2 /* SDWebImageCompat.m in Sources */ = {isa = PBXBuildFile; fileRef = ED63106116AA3520001E0CE2 /* SDWebImageCompat.m */; };
		ED63107416AA3520001E0CE2 /* SDWebImageDecoder.m in Sources */ = {isa = PBXBuildFile; fileRef = ED63106316AA3520001E0CE2 /* SDWebImageDecoder.m */; };
		ED63107516AA3520001E0CE2 /* SDWebImageDownloader.m in Sources */ = {isa = PBXBuildFile; fileRef = ED63106516AA3520001E0CE2 /* SDWebImageDownloader.m */; };
		ED63107616AA3520001E0CE2 /* SDWebImageDownloaderOperation.m in Sources */ = {isa = PBXBuildFile; fileRef = ED63106716AA3520001E0CE2 /* SDWebImageDownloaderOperation.m */; };
		ED63107716AA3520001E0CE2 /* SDWebImageManager.m in Sources */ = {isa = PBXBuildFile; fileRef = ED63106916AA3520001E0CE2 /* SDWebImageManager.m */; };
		ED63107816AA3520001E0CE2 /* SDWebImagePrefetcher.m in Sources */ = {isa = PBXBuildFile; fileRef = ED63106C16AA3520001E0CE2 /* SDWebImagePrefetcher.m */; };
		ED63107916AA3520001E0CE2 /* UIButton+WebCache.m in Sources */ = {isa = PBXBuildFile; fileRef = ED63106E16AA3520001E0CE2 /* UIButton+WebCache.m */; };
		ED63107A16AA3520001E0CE2 /* UIImageView+WebCache.m in Sources */ = {isa = PBXBuildFile; fileRef = ED63107016AA3520001E0CE2 /* UIImageView+WebCache.m */; };
		ED63107D16AA368C001E0CE2 /* DocumentCellBackground@2x.png in Resources */ = {isa = PBXBuildFile; fileRef = ED63107B16AA368C001E0CE2 /* DocumentCellBackground@2x.png */; };
		ED63107E16AA368C001E0CE2 /* DocumentCellBackground.png in Resources */ = {isa = PBXBuildFile; fileRef = ED63107C16AA368C001E0CE2 /* DocumentCellBackground.png */; };
		ED63108316AA3EC9001E0CE2 /* SettingsBarButton@2x.png in Resources */ = {isa = PBXBuildFile; fileRef = ED63107F16AA3EC9001E0CE2 /* SettingsBarButton@2x.png */; };
		ED63108416AA3EC9001E0CE2 /* SettingsBarButton.png in Resources */ = {isa = PBXBuildFile; fileRef = ED63108016AA3EC9001E0CE2 /* SettingsBarButton.png */; };
		ED63108516AA3EC9001E0CE2 /* BackBarButton@2x.png in Resources */ = {isa = PBXBuildFile; fileRef = ED63108116AA3EC9001E0CE2 /* BackBarButton@2x.png */; };
		ED63108616AA3EC9001E0CE2 /* BackBarButton.png in Resources */ = {isa = PBXBuildFile; fileRef = ED63108216AA3EC9001E0CE2 /* BackBarButton.png */; };
		ED67337616AADE360054E31F /* MenuItemBackground@2x.png in Resources */ = {isa = PBXBuildFile; fileRef = ED67337416AADE360054E31F /* MenuItemBackground@2x.png */; };
		ED67337716AADE360054E31F /* MenuItemBackground.png in Resources */ = {isa = PBXBuildFile; fileRef = ED67337516AADE360054E31F /* MenuItemBackground.png */; };
		ED67404216AAD9510096421F /* ProfileBackground.png in Resources */ = {isa = PBXBuildFile; fileRef = ED67404016AAD9510096421F /* ProfileBackground.png */; };
		ED67404316AAD9510096421F /* ProfileBackground@2x.png in Resources */ = {isa = PBXBuildFile; fileRef = ED67404116AAD9510096421F /* ProfileBackground@2x.png */; };
		ED67404616AAD9FE0096421F /* NameBadge@2x.png in Resources */ = {isa = PBXBuildFile; fileRef = ED67404416AAD9FE0096421F /* NameBadge@2x.png */; };
		ED67404716AAD9FE0096421F /* NameBadge.png in Resources */ = {isa = PBXBuildFile; fileRef = ED67404516AAD9FE0096421F /* NameBadge.png */; };
		ED9BE09916AA17B20000E61D /* ICAuthViewViewController.m in Sources */ = {isa = PBXBuildFile; fileRef = ED9BE09816AA17B20000E61D /* ICAuthViewViewController.m */; };
		ED9E688E16AA139F00AE10BC /* NSString+URLEncoding.m in Sources */ = {isa = PBXBuildFile; fileRef = ED9E688D16AA139F00AE10BC /* NSString+URLEncoding.m */; };
		EDB39BC516AA257800614C87 /* ICApiRequestController.m in Sources */ = {isa = PBXBuildFile; fileRef = EDB39BC416AA257800614C87 /* ICApiRequestController.m */; };
		EDB39BCE16AA272800614C87 /* ICPrefs.m in Sources */ = {isa = PBXBuildFile; fileRef = EDB39BCD16AA272800614C87 /* ICPrefs.m */; };
		EDB39BD116AA287800614C87 /* ICDocument.m in Sources */ = {isa = PBXBuildFile; fileRef = EDB39BD016AA287800614C87 /* ICDocument.m */; };
		EDB72F9416A9EDBF00AB5135 /* ICWelcomeViewController.m in Sources */ = {isa = PBXBuildFile; fileRef = EDB72F9316A9EDBF00AB5135 /* ICWelcomeViewController.m */; };
		EDB72FAC16A9F7C900AB5135 /* AFHTTPClient.m in Sources */ = {isa = PBXBuildFile; fileRef = EDB72F9A16A9F7C900AB5135 /* AFHTTPClient.m */; };
		EDB72FAD16A9F7C900AB5135 /* AFHTTPRequestOperation.m in Sources */ = {isa = PBXBuildFile; fileRef = EDB72F9C16A9F7C900AB5135 /* AFHTTPRequestOperation.m */; };
		EDB72FAE16A9F7C900AB5135 /* AFImageRequestOperation.m in Sources */ = {isa = PBXBuildFile; fileRef = EDB72F9E16A9F7C900AB5135 /* AFImageRequestOperation.m */; };
		EDB72FAF16A9F7C900AB5135 /* AFJSONRequestOperation.m in Sources */ = {isa = PBXBuildFile; fileRef = EDB72FA016A9F7C900AB5135 /* AFJSONRequestOperation.m */; };
		EDB72FB016A9F7C900AB5135 /* AFNetworkActivityIndicatorManager.m in Sources */ = {isa = PBXBuildFile; fileRef = EDB72FA216A9F7C900AB5135 /* AFNetworkActivityIndicatorManager.m */; };
		EDB72FB116A9F7C900AB5135 /* AFPropertyListRequestOperation.m in Sources */ = {isa = PBXBuildFile; fileRef = EDB72FA516A9F7C900AB5135 /* AFPropertyListRequestOperation.m */; };
		EDB72FB216A9F7C900AB5135 /* AFURLConnectionOperation.m in Sources */ = {isa = PBXBuildFile; fileRef = EDB72FA716A9F7C900AB5135 /* AFURLConnectionOperation.m */; };
		EDB72FB316A9F7C900AB5135 /* AFXMLRequestOperation.m in Sources */ = {isa = PBXBuildFile; fileRef = EDB72FA916A9F7C900AB5135 /* AFXMLRequestOperation.m */; };
		EDB72FB416A9F7C900AB5135 /* UIImageView+AFNetworking.m in Sources */ = {isa = PBXBuildFile; fileRef = EDB72FAB16A9F7C900AB5135 /* UIImageView+AFNetworking.m */; };
		EDB72FBA16A9F8DB00AB5135 /* MobileCoreServices.framework in Frameworks */ = {isa = PBXBuildFile; fileRef = EDB72FB916A9F8DB00AB5135 /* MobileCoreServices.framework */; };
		EDCDA0AF16A9C94000D2B614 /* UIKit.framework in Frameworks */ = {isa = PBXBuildFile; fileRef = EDCDA0AE16A9C94000D2B614 /* UIKit.framework */; };
		EDCDA0B116A9C94000D2B614 /* Foundation.framework in Frameworks */ = {isa = PBXBuildFile; fileRef = EDCDA0B016A9C94000D2B614 /* Foundation.framework */; };
		EDCDA0B316A9C94000D2B614 /* CoreGraphics.framework in Frameworks */ = {isa = PBXBuildFile; fileRef = EDCDA0B216A9C94000D2B614 /* CoreGraphics.framework */; };
		EDCDA0B516A9C94000D2B614 /* CoreData.framework in Frameworks */ = {isa = PBXBuildFile; fileRef = EDCDA0B416A9C94000D2B614 /* CoreData.framework */; };
		EDCDA0BB16A9C94000D2B614 /* InfoPlist.strings in Resources */ = {isa = PBXBuildFile; fileRef = EDCDA0B916A9C94000D2B614 /* InfoPlist.strings */; };
		EDCDA0BD16A9C94000D2B614 /* main.m in Sources */ = {isa = PBXBuildFile; fileRef = EDCDA0BC16A9C94000D2B614 /* main.m */; };
		EDCDA0C116A9C94000D2B614 /* ICAppDelegate.m in Sources */ = {isa = PBXBuildFile; fileRef = EDCDA0C016A9C94000D2B614 /* ICAppDelegate.m */; };
		EDCDA0C316A9C94000D2B614 /* Default.png in Resources */ = {isa = PBXBuildFile; fileRef = EDCDA0C216A9C94000D2B614 /* Default.png */; };
		EDCDA0C516A9C94000D2B614 /* Default@2x.png in Resources */ = {isa = PBXBuildFile; fileRef = EDCDA0C416A9C94000D2B614 /* Default@2x.png */; };
		EDCDA0C716A9C94000D2B614 /* Default-568h@2x.png in Resources */ = {isa = PBXBuildFile; fileRef = EDCDA0C616A9C94000D2B614 /* Default-568h@2x.png */; };
		EDCDA0CA16A9C94000D2B614 /* tapebooth.xcdatamodeld in Sources */ = {isa = PBXBuildFile; fileRef = EDCDA0C816A9C94000D2B614 /* tapebooth.xcdatamodeld */; };
		EDCDA0D416A9C98400D2B614 /* Storyboard.storyboard in Resources */ = {isa = PBXBuildFile; fileRef = EDCDA0D316A9C98400D2B614 /* Storyboard.storyboard */; };
		EDCDA10216A9CF2B00D2B614 /* libz.1.2.5.dylib in Frameworks */ = {isa = PBXBuildFile; fileRef = EDCDA10116A9CF2B00D2B614 /* libz.1.2.5.dylib */; };
		EDCDA10416A9CF3100D2B614 /* SystemConfiguration.framework in Frameworks */ = {isa = PBXBuildFile; fileRef = EDCDA10316A9CF3100D2B614 /* SystemConfiguration.framework */; };
		EDCDA10616A9CF3500D2B614 /* ImageIO.framework in Frameworks */ = {isa = PBXBuildFile; fileRef = EDCDA10516A9CF3500D2B614 /* ImageIO.framework */; };
		EDCDA10816A9CF3A00D2B614 /* QuartzCore.framework in Frameworks */ = {isa = PBXBuildFile; fileRef = EDCDA10716A9CF3A00D2B614 /* QuartzCore.framework */; };
		EDCDA10A16A9CF6D00D2B614 /* Security.framework in Frameworks */ = {isa = PBXBuildFile; fileRef = EDCDA10916A9CF6D00D2B614 /* Security.framework */; };
		EDCDA10C16A9CF7200D2B614 /* CFNetwork.framework in Frameworks */ = {isa = PBXBuildFile; fileRef = EDCDA10B16A9CF7200D2B614 /* CFNetwork.framework */; };
/* End PBXBuildFile section */

/* Begin PBXFileReference section */
		ED059C1E16AAACFD0085BC0B /* BWStatusBarOverlay.h */ = {isa = PBXFileReference; fileEncoding = 4; lastKnownFileType = sourcecode.c.h; path = BWStatusBarOverlay.h; sourceTree = "<group>"; };
		ED059C1F16AAACFD0085BC0B /* BWStatusBarOverlay.m */ = {isa = PBXFileReference; fileEncoding = 4; lastKnownFileType = sourcecode.c.objc; path = BWStatusBarOverlay.m; sourceTree = "<group>"; };
		ED059C2016AAACFD0085BC0B /* status-bar-pattern-black.jpg */ = {isa = PBXFileReference; lastKnownFileType = image.jpeg; path = "status-bar-pattern-black.jpg"; sourceTree = "<group>"; };
		ED059C2116AAACFD0085BC0B /* status-bar-pattern-black@2x.jpg */ = {isa = PBXFileReference; lastKnownFileType = image.jpeg; path = "status-bar-pattern-black@2x.jpg"; sourceTree = "<group>"; };
		ED059C2216AAACFD0085BC0B /* status-bar-pattern-default.jpg */ = {isa = PBXFileReference; lastKnownFileType = image.jpeg; path = "status-bar-pattern-default.jpg"; sourceTree = "<group>"; };
		ED059C2316AAACFD0085BC0B /* status-bar-pattern-default@2x.jpg */ = {isa = PBXFileReference; lastKnownFileType = image.jpeg; path = "status-bar-pattern-default@2x.jpg"; sourceTree = "<group>"; };
		ED059C2416AAACFD0085BC0B /* status-bar-progress.png */ = {isa = PBXFileReference; lastKnownFileType = image.png; path = "status-bar-progress.png"; sourceTree = "<group>"; };
		ED059C2516AAACFD0085BC0B /* status-bar-progress@2x.png */ = {isa = PBXFileReference; lastKnownFileType = image.png; path = "status-bar-progress@2x.png"; sourceTree = "<group>"; };
		ED1900AA16AA413000865CB2 /* ICImageViewController.h */ = {isa = PBXFileReference; fileEncoding = 4; lastKnownFileType = sourcecode.c.h; path = ICImageViewController.h; sourceTree = "<group>"; };
		ED1900AB16AA413000865CB2 /* ICImageViewController.m */ = {isa = PBXFileReference; fileEncoding = 4; lastKnownFileType = sourcecode.c.objc; path = ICImageViewController.m; sourceTree = "<group>"; };
		ED287BE616AA4A8A009C2344 /* Icon@2x.png */ = {isa = PBXFileReference; lastKnownFileType = image.png; path = "Icon@2x.png"; sourceTree = "<group>"; };
		ED287BE916AA4A8E009C2344 /* Icon.png */ = {isa = PBXFileReference; lastKnownFileType = image.png; path = Icon.png; sourceTree = "<group>"; };
		ED37F3E416AABDB8000388AF /* FacingView.h */ = {isa = PBXFileReference; fileEncoding = 4; lastKnownFileType = sourcecode.c.h; path = FacingView.h; sourceTree = "<group>"; };
		ED37F3E516AABDB8000388AF /* FacingView.m */ = {isa = PBXFileReference; fileEncoding = 4; lastKnownFileType = sourcecode.c.objc; path = FacingView.m; sourceTree = "<group>"; };
		ED37F3E616AABDB8000388AF /* FoldView.h */ = {isa = PBXFileReference; fileEncoding = 4; lastKnownFileType = sourcecode.c.h; path = FoldView.h; sourceTree = "<group>"; };
		ED37F3E716AABDB8000388AF /* FoldView.m */ = {isa = PBXFileReference; fileEncoding = 4; lastKnownFileType = sourcecode.c.objc; path = FoldView.m; sourceTree = "<group>"; };
		ED37F3E816AABDB8000388AF /* MultiFoldView.h */ = {isa = PBXFileReference; fileEncoding = 4; lastKnownFileType = sourcecode.c.h; path = MultiFoldView.h; sourceTree = "<group>"; };
		ED37F3E916AABDB8000388AF /* MultiFoldView.m */ = {isa = PBXFileReference; fileEncoding = 4; lastKnownFileType = sourcecode.c.objc; path = MultiFoldView.m; sourceTree = "<group>"; };
		ED37F3EA16AABDB8000388AF /* PaperFoldConstants.h */ = {isa = PBXFileReference; fileEncoding = 4; lastKnownFileType = sourcecode.c.h; path = PaperFoldConstants.h; sourceTree = "<group>"; };
		ED37F3EB16AABDB8000388AF /* PaperFoldNavigationController.h */ = {isa = PBXFileReference; fileEncoding = 4; lastKnownFileType = sourcecode.c.h; path = PaperFoldNavigationController.h; sourceTree = "<group>"; };
		ED37F3EC16AABDB8000388AF /* PaperFoldNavigationController.m */ = {isa = PBXFileReference; fileEncoding = 4; lastKnownFileType = sourcecode.c.objc; path = PaperFoldNavigationController.m; sourceTree = "<group>"; };
		ED37F3ED16AABDB8000388AF /* PaperFoldResources.bundle */ = {isa = PBXFileReference; lastKnownFileType = "wrapper.plug-in"; path = PaperFoldResources.bundle; sourceTree = "<group>"; };
		ED37F3EE16AABDB8000388AF /* PaperFoldSwipeHintView.h */ = {isa = PBXFileReference; fileEncoding = 4; lastKnownFileType = sourcecode.c.h; path = PaperFoldSwipeHintView.h; sourceTree = "<group>"; };
		ED37F3EF16AABDB8000388AF /* PaperFoldSwipeHintView.m */ = {isa = PBXFileReference; fileEncoding = 4; lastKnownFileType = sourcecode.c.objc; path = PaperFoldSwipeHintView.m; sourceTree = "<group>"; };
		ED37F3F016AABDB8000388AF /* PaperFoldView.h */ = {isa = PBXFileReference; fileEncoding = 4; lastKnownFileType = sourcecode.c.h; path = PaperFoldView.h; sourceTree = "<group>"; };
		ED37F3F116AABDB8000388AF /* PaperFoldView.m */ = {isa = PBXFileReference; fileEncoding = 4; lastKnownFileType = sourcecode.c.objc; path = PaperFoldView.m; sourceTree = "<group>"; };
		ED37F3F316AABDB8000388AF /* swipe_guide.psd */ = {isa = PBXFileReference; lastKnownFileType = file; path = swipe_guide.psd; sourceTree = "<group>"; };
		ED37F3F416AABDB8000388AF /* swipe_guide2.psd */ = {isa = PBXFileReference; lastKnownFileType = file; path = swipe_guide2.psd; sourceTree = "<group>"; };
		ED37F3F516AABDB8000388AF /* ShadowView.h */ = {isa = PBXFileReference; fileEncoding = 4; lastKnownFileType = sourcecode.c.h; path = ShadowView.h; sourceTree = "<group>"; };
		ED37F3F616AABDB8000388AF /* ShadowView.m */ = {isa = PBXFileReference; fileEncoding = 4; lastKnownFileType = sourcecode.c.objc; path = ShadowView.m; sourceTree = "<group>"; };
		ED37F3F716AABDB8000388AF /* TouchThroughUIView.h */ = {isa = PBXFileReference; fileEncoding = 4; lastKnownFileType = sourcecode.c.h; path = TouchThroughUIView.h; sourceTree = "<group>"; };
		ED37F3F816AABDB8000388AF /* TouchThroughUIView.m */ = {isa = PBXFileReference; fileEncoding = 4; lastKnownFileType = sourcecode.c.objc; path = TouchThroughUIView.m; sourceTree = "<group>"; };
		ED37F3F916AABDB8000388AF /* UIView+Screenshot.h */ = {isa = PBXFileReference; fileEncoding = 4; lastKnownFileType = sourcecode.c.h; path = "UIView+Screenshot.h"; sourceTree = "<group>"; };
		ED37F3FA16AABDB8000388AF /* UIView+Screenshot.m */ = {isa = PBXFileReference; fileEncoding = 4; lastKnownFileType = sourcecode.c.objc; path = "UIView+Screenshot.m"; sourceTree = "<group>"; };
		ED5E2F9916AA99DC00BB1418 /* EDStorage.h */ = {isa = PBXFileReference; fileEncoding = 4; lastKnownFileType = sourcecode.c.h; path = EDStorage.h; sourceTree = "<group>"; };
		ED5E2F9A16AA99DC00BB1418 /* EDStorageManager.h */ = {isa = PBXFileReference; fileEncoding = 4; lastKnownFileType = sourcecode.c.h; path = EDStorageManager.h; sourceTree = "<group>"; };
		ED5E2F9B16AA99DC00BB1418 /* EDStorageManager.m */ = {isa = PBXFileReference; fileEncoding = 4; lastKnownFileType = sourcecode.c.objc; path = EDStorageManager.m; sourceTree = "<group>"; };
		ED5E2F9C16AA99DC00BB1418 /* EDStorageOperation.h */ = {isa = PBXFileReference; fileEncoding = 4; lastKnownFileType = sourcecode.c.h; path = EDStorageOperation.h; sourceTree = "<group>"; };
		ED5E2F9D16AA99DC00BB1418 /* EDStorageOperation.m */ = {isa = PBXFileReference; fileEncoding = 4; lastKnownFileType = sourcecode.c.objc; path = EDStorageOperation.m; sourceTree = "<group>"; };
		ED5E2F9E16AA99DC00BB1418 /* NSData+Storage.h */ = {isa = PBXFileReference; fileEncoding = 4; lastKnownFileType = sourcecode.c.h; path = "NSData+Storage.h"; sourceTree = "<group>"; };
		ED5E2F9F16AA99DC00BB1418 /* NSData+Storage.m */ = {isa = PBXFileReference; fileEncoding = 4; lastKnownFileType = sourcecode.c.objc; path = "NSData+Storage.m"; sourceTree = "<group>"; };
		ED5E2FA016AA99DC00BB1418 /* UIImage+Storage.h */ = {isa = PBXFileReference; fileEncoding = 4; lastKnownFileType = sourcecode.c.h; path = "UIImage+Storage.h"; sourceTree = "<group>"; };
		ED5E2FA116AA99DC00BB1418 /* UIImage+Storage.m */ = {isa = PBXFileReference; fileEncoding = 4; lastKnownFileType = sourcecode.c.objc; path = "UIImage+Storage.m"; sourceTree = "<group>"; };
		ED5E2FA216AA99DC00BB1418 /* EIImagePickerDelegate.h */ = {isa = PBXFileReference; fileEncoding = 4; lastKnownFileType = sourcecode.c.h; path = EIImagePickerDelegate.h; sourceTree = "<group>"; };
		ED5E2FA316AA99DC00BB1418 /* EIImagePickerDelegate.m */ = {isa = PBXFileReference; fileEncoding = 4; lastKnownFileType = sourcecode.c.objc; path = EIImagePickerDelegate.m; sourceTree = "<group>"; };
		ED5E2FA416AA99DC00BB1418 /* EssentialImager.h */ = {isa = PBXFileReference; fileEncoding = 4; lastKnownFileType = sourcecode.c.h; path = EssentialImager.h; sourceTree = "<group>"; };
		ED5E2FA616AA99DC00BB1418 /* StandardPaths.h */ = {isa = PBXFileReference; fileEncoding = 4; lastKnownFileType = sourcecode.c.h; path = StandardPaths.h; sourceTree = "<group>"; };
		ED5E2FA716AA99DC00BB1418 /* StandardPaths.m */ = {isa = PBXFileReference; fileEncoding = 4; lastKnownFileType = sourcecode.c.objc; path = StandardPaths.m; sourceTree = "<group>"; };
		ED5E2FA816AA99DC00BB1418 /* UIImage+Resize.h */ = {isa = PBXFileReference; fileEncoding = 4; lastKnownFileType = sourcecode.c.h; path = "UIImage+Resize.h"; sourceTree = "<group>"; };
		ED5E2FA916AA99DC00BB1418 /* UIImage+Resize.m */ = {isa = PBXFileReference; fileEncoding = 4; lastKnownFileType = sourcecode.c.objc; path = "UIImage+Resize.m"; sourceTree = "<group>"; };
		ED63104E16AA2F42001E0CE2 /* FabricBackground.png */ = {isa = PBXFileReference; lastKnownFileType = image.png; path = FabricBackground.png; sourceTree = "<group>"; };
		ED63104F16AA2F42001E0CE2 /* FabricBackground@2x.png */ = {isa = PBXFileReference; lastKnownFileType = image.png; path = "FabricBackground@2x.png"; sourceTree = "<group>"; };
		ED63105016AA2F42001E0CE2 /* GreetingOverlay.png */ = {isa = PBXFileReference; lastKnownFileType = image.png; path = GreetingOverlay.png; sourceTree = "<group>"; };
		ED63105116AA2F42001E0CE2 /* GreetingOverlay@2x.png */ = {isa = PBXFileReference; lastKnownFileType = image.png; path = "GreetingOverlay@2x.png"; sourceTree = "<group>"; };
		ED63105216AA2F42001E0CE2 /* TopBar.png */ = {isa = PBXFileReference; lastKnownFileType = image.png; path = TopBar.png; sourceTree = "<group>"; };
		ED63105316AA2F42001E0CE2 /* TopBar@2x.png */ = {isa = PBXFileReference; lastKnownFileType = image.png; path = "TopBar@2x.png"; sourceTree = "<group>"; };
		ED63105E16AA3520001E0CE2 /* SDImageCache.h */ = {isa = PBXFileReference; fileEncoding = 4; lastKnownFileType = sourcecode.c.h; path = SDImageCache.h; sourceTree = "<group>"; };
		ED63105F16AA3520001E0CE2 /* SDImageCache.m */ = {isa = PBXFileReference; fileEncoding = 4; lastKnownFileType = sourcecode.c.objc; path = SDImageCache.m; sourceTree = "<group>"; };
		ED63106016AA3520001E0CE2 /* SDWebImageCompat.h */ = {isa = PBXFileReference; fileEncoding = 4; lastKnownFileType = sourcecode.c.h; path = SDWebImageCompat.h; sourceTree = "<group>"; };
		ED63106116AA3520001E0CE2 /* SDWebImageCompat.m */ = {isa = PBXFileReference; fileEncoding = 4; lastKnownFileType = sourcecode.c.objc; path = SDWebImageCompat.m; sourceTree = "<group>"; };
		ED63106216AA3520001E0CE2 /* SDWebImageDecoder.h */ = {isa = PBXFileReference; fileEncoding = 4; lastKnownFileType = sourcecode.c.h; path = SDWebImageDecoder.h; sourceTree = "<group>"; };
		ED63106316AA3520001E0CE2 /* SDWebImageDecoder.m */ = {isa = PBXFileReference; fileEncoding = 4; lastKnownFileType = sourcecode.c.objc; path = SDWebImageDecoder.m; sourceTree = "<group>"; };
		ED63106416AA3520001E0CE2 /* SDWebImageDownloader.h */ = {isa = PBXFileReference; fileEncoding = 4; lastKnownFileType = sourcecode.c.h; path = SDWebImageDownloader.h; sourceTree = "<group>"; };
		ED63106516AA3520001E0CE2 /* SDWebImageDownloader.m */ = {isa = PBXFileReference; fileEncoding = 4; lastKnownFileType = sourcecode.c.objc; path = SDWebImageDownloader.m; sourceTree = "<group>"; };
		ED63106616AA3520001E0CE2 /* SDWebImageDownloaderOperation.h */ = {isa = PBXFileReference; fileEncoding = 4; lastKnownFileType = sourcecode.c.h; path = SDWebImageDownloaderOperation.h; sourceTree = "<group>"; };
		ED63106716AA3520001E0CE2 /* SDWebImageDownloaderOperation.m */ = {isa = PBXFileReference; fileEncoding = 4; lastKnownFileType = sourcecode.c.objc; path = SDWebImageDownloaderOperation.m; sourceTree = "<group>"; };
		ED63106816AA3520001E0CE2 /* SDWebImageManager.h */ = {isa = PBXFileReference; fileEncoding = 4; lastKnownFileType = sourcecode.c.h; path = SDWebImageManager.h; sourceTree = "<group>"; };
		ED63106916AA3520001E0CE2 /* SDWebImageManager.m */ = {isa = PBXFileReference; fileEncoding = 4; lastKnownFileType = sourcecode.c.objc; path = SDWebImageManager.m; sourceTree = "<group>"; };
		ED63106A16AA3520001E0CE2 /* SDWebImageOperation.h */ = {isa = PBXFileReference; fileEncoding = 4; lastKnownFileType = sourcecode.c.h; path = SDWebImageOperation.h; sourceTree = "<group>"; };
		ED63106B16AA3520001E0CE2 /* SDWebImagePrefetcher.h */ = {isa = PBXFileReference; fileEncoding = 4; lastKnownFileType = sourcecode.c.h; path = SDWebImagePrefetcher.h; sourceTree = "<group>"; };
		ED63106C16AA3520001E0CE2 /* SDWebImagePrefetcher.m */ = {isa = PBXFileReference; fileEncoding = 4; lastKnownFileType = sourcecode.c.objc; path = SDWebImagePrefetcher.m; sourceTree = "<group>"; };
		ED63106D16AA3520001E0CE2 /* UIButton+WebCache.h */ = {isa = PBXFileReference; fileEncoding = 4; lastKnownFileType = sourcecode.c.h; path = "UIButton+WebCache.h"; sourceTree = "<group>"; };
		ED63106E16AA3520001E0CE2 /* UIButton+WebCache.m */ = {isa = PBXFileReference; fileEncoding = 4; lastKnownFileType = sourcecode.c.objc; path = "UIButton+WebCache.m"; sourceTree = "<group>"; };
		ED63106F16AA3520001E0CE2 /* UIImageView+WebCache.h */ = {isa = PBXFileReference; fileEncoding = 4; lastKnownFileType = sourcecode.c.h; path = "UIImageView+WebCache.h"; sourceTree = "<group>"; };
		ED63107016AA3520001E0CE2 /* UIImageView+WebCache.m */ = {isa = PBXFileReference; fileEncoding = 4; lastKnownFileType = sourcecode.c.objc; path = "UIImageView+WebCache.m"; sourceTree = "<group>"; };
		ED63107B16AA368C001E0CE2 /* DocumentCellBackground@2x.png */ = {isa = PBXFileReference; lastKnownFileType = image.png; path = "DocumentCellBackground@2x.png"; sourceTree = "<group>"; };
		ED63107C16AA368C001E0CE2 /* DocumentCellBackground.png */ = {isa = PBXFileReference; lastKnownFileType = image.png; path = DocumentCellBackground.png; sourceTree = "<group>"; };
		ED63107F16AA3EC9001E0CE2 /* SettingsBarButton@2x.png */ = {isa = PBXFileReference; lastKnownFileType = image.png; path = "SettingsBarButton@2x.png"; sourceTree = "<group>"; };
		ED63108016AA3EC9001E0CE2 /* SettingsBarButton.png */ = {isa = PBXFileReference; lastKnownFileType = image.png; path = SettingsBarButton.png; sourceTree = "<group>"; };
		ED63108116AA3EC9001E0CE2 /* BackBarButton@2x.png */ = {isa = PBXFileReference; lastKnownFileType = image.png; path = "BackBarButton@2x.png"; sourceTree = "<group>"; };
		ED63108216AA3EC9001E0CE2 /* BackBarButton.png */ = {isa = PBXFileReference; lastKnownFileType = image.png; path = BackBarButton.png; sourceTree = "<group>"; };
		ED67337416AADE360054E31F /* MenuItemBackground@2x.png */ = {isa = PBXFileReference; lastKnownFileType = image.png; path = "MenuItemBackground@2x.png"; sourceTree = "<group>"; };
		ED67337516AADE360054E31F /* MenuItemBackground.png */ = {isa = PBXFileReference; lastKnownFileType = image.png; path = MenuItemBackground.png; sourceTree = "<group>"; };
		ED67404016AAD9510096421F /* ProfileBackground.png */ = {isa = PBXFileReference; lastKnownFileType = image.png; path = ProfileBackground.png; sourceTree = "<group>"; };
		ED67404116AAD9510096421F /* ProfileBackground@2x.png */ = {isa = PBXFileReference; lastKnownFileType = image.png; path = "ProfileBackground@2x.png"; sourceTree = "<group>"; };
		ED67404416AAD9FE0096421F /* NameBadge@2x.png */ = {isa = PBXFileReference; lastKnownFileType = image.png; path = "NameBadge@2x.png"; sourceTree = "<group>"; };
		ED67404516AAD9FE0096421F /* NameBadge.png */ = {isa = PBXFileReference; lastKnownFileType = image.png; path = NameBadge.png; sourceTree = "<group>"; };
		ED9BE09716AA17B20000E61D /* ICAuthViewViewController.h */ = {isa = PBXFileReference; fileEncoding = 4; lastKnownFileType = sourcecode.c.h; path = ICAuthViewViewController.h; sourceTree = "<group>"; };
		ED9BE09816AA17B20000E61D /* ICAuthViewViewController.m */ = {isa = PBXFileReference; fileEncoding = 4; lastKnownFileType = sourcecode.c.objc; path = ICAuthViewViewController.m; sourceTree = "<group>"; };
		ED9E688C16AA139F00AE10BC /* NSString+URLEncoding.h */ = {isa = PBXFileReference; fileEncoding = 4; lastKnownFileType = sourcecode.c.h; path = "NSString+URLEncoding.h"; sourceTree = "<group>"; };
		ED9E688D16AA139F00AE10BC /* NSString+URLEncoding.m */ = {isa = PBXFileReference; fileEncoding = 4; lastKnownFileType = sourcecode.c.objc; path = "NSString+URLEncoding.m"; sourceTree = "<group>"; };
		EDB39BC316AA257800614C87 /* ICApiRequestController.h */ = {isa = PBXFileReference; fileEncoding = 4; lastKnownFileType = sourcecode.c.h; path = ICApiRequestController.h; sourceTree = "<group>"; };
		EDB39BC416AA257800614C87 /* ICApiRequestController.m */ = {isa = PBXFileReference; fileEncoding = 4; lastKnownFileType = sourcecode.c.objc; path = ICApiRequestController.m; sourceTree = "<group>"; };
		EDB39BCC16AA272800614C87 /* ICPrefs.h */ = {isa = PBXFileReference; fileEncoding = 4; lastKnownFileType = sourcecode.c.h; path = ICPrefs.h; sourceTree = "<group>"; };
		EDB39BCD16AA272800614C87 /* ICPrefs.m */ = {isa = PBXFileReference; fileEncoding = 4; lastKnownFileType = sourcecode.c.objc; path = ICPrefs.m; sourceTree = "<group>"; };
		EDB39BCF16AA287800614C87 /* ICDocument.h */ = {isa = PBXFileReference; fileEncoding = 4; lastKnownFileType = sourcecode.c.h; path = ICDocument.h; sourceTree = "<group>"; };
		EDB39BD016AA287800614C87 /* ICDocument.m */ = {isa = PBXFileReference; fileEncoding = 4; lastKnownFileType = sourcecode.c.objc; path = ICDocument.m; sourceTree = "<group>"; };
		EDB72F9216A9EDBF00AB5135 /* ICWelcomeViewController.h */ = {isa = PBXFileReference; fileEncoding = 4; lastKnownFileType = sourcecode.c.h; path = ICWelcomeViewController.h; sourceTree = "<group>"; };
		EDB72F9316A9EDBF00AB5135 /* ICWelcomeViewController.m */ = {isa = PBXFileReference; fileEncoding = 4; lastKnownFileType = sourcecode.c.objc; path = ICWelcomeViewController.m; sourceTree = "<group>"; };
		EDB72F9916A9F7C900AB5135 /* AFHTTPClient.h */ = {isa = PBXFileReference; fileEncoding = 4; lastKnownFileType = sourcecode.c.h; path = AFHTTPClient.h; sourceTree = "<group>"; };
		EDB72F9A16A9F7C900AB5135 /* AFHTTPClient.m */ = {isa = PBXFileReference; fileEncoding = 4; lastKnownFileType = sourcecode.c.objc; path = AFHTTPClient.m; sourceTree = "<group>"; };
		EDB72F9B16A9F7C900AB5135 /* AFHTTPRequestOperation.h */ = {isa = PBXFileReference; fileEncoding = 4; lastKnownFileType = sourcecode.c.h; path = AFHTTPRequestOperation.h; sourceTree = "<group>"; };
		EDB72F9C16A9F7C900AB5135 /* AFHTTPRequestOperation.m */ = {isa = PBXFileReference; fileEncoding = 4; lastKnownFileType = sourcecode.c.objc; path = AFHTTPRequestOperation.m; sourceTree = "<group>"; };
		EDB72F9D16A9F7C900AB5135 /* AFImageRequestOperation.h */ = {isa = PBXFileReference; fileEncoding = 4; lastKnownFileType = sourcecode.c.h; path = AFImageRequestOperation.h; sourceTree = "<group>"; };
		EDB72F9E16A9F7C900AB5135 /* AFImageRequestOperation.m */ = {isa = PBXFileReference; fileEncoding = 4; lastKnownFileType = sourcecode.c.objc; path = AFImageRequestOperation.m; sourceTree = "<group>"; };
		EDB72F9F16A9F7C900AB5135 /* AFJSONRequestOperation.h */ = {isa = PBXFileReference; fileEncoding = 4; lastKnownFileType = sourcecode.c.h; path = AFJSONRequestOperation.h; sourceTree = "<group>"; };
		EDB72FA016A9F7C900AB5135 /* AFJSONRequestOperation.m */ = {isa = PBXFileReference; fileEncoding = 4; lastKnownFileType = sourcecode.c.objc; path = AFJSONRequestOperation.m; sourceTree = "<group>"; };
		EDB72FA116A9F7C900AB5135 /* AFNetworkActivityIndicatorManager.h */ = {isa = PBXFileReference; fileEncoding = 4; lastKnownFileType = sourcecode.c.h; path = AFNetworkActivityIndicatorManager.h; sourceTree = "<group>"; };
		EDB72FA216A9F7C900AB5135 /* AFNetworkActivityIndicatorManager.m */ = {isa = PBXFileReference; fileEncoding = 4; lastKnownFileType = sourcecode.c.objc; path = AFNetworkActivityIndicatorManager.m; sourceTree = "<group>"; };
		EDB72FA316A9F7C900AB5135 /* AFNetworking.h */ = {isa = PBXFileReference; fileEncoding = 4; lastKnownFileType = sourcecode.c.h; path = AFNetworking.h; sourceTree = "<group>"; };
		EDB72FA416A9F7C900AB5135 /* AFPropertyListRequestOperation.h */ = {isa = PBXFileReference; fileEncoding = 4; lastKnownFileType = sourcecode.c.h; path = AFPropertyListRequestOperation.h; sourceTree = "<group>"; };
		EDB72FA516A9F7C900AB5135 /* AFPropertyListRequestOperation.m */ = {isa = PBXFileReference; fileEncoding = 4; lastKnownFileType = sourcecode.c.objc; path = AFPropertyListRequestOperation.m; sourceTree = "<group>"; };
		EDB72FA616A9F7C900AB5135 /* AFURLConnectionOperation.h */ = {isa = PBXFileReference; fileEncoding = 4; lastKnownFileType = sourcecode.c.h; path = AFURLConnectionOperation.h; sourceTree = "<group>"; };
		EDB72FA716A9F7C900AB5135 /* AFURLConnectionOperation.m */ = {isa = PBXFileReference; fileEncoding = 4; lastKnownFileType = sourcecode.c.objc; path = AFURLConnectionOperation.m; sourceTree = "<group>"; };
		EDB72FA816A9F7C900AB5135 /* AFXMLRequestOperation.h */ = {isa = PBXFileReference; fileEncoding = 4; lastKnownFileType = sourcecode.c.h; path = AFXMLRequestOperation.h; sourceTree = "<group>"; };
		EDB72FA916A9F7C900AB5135 /* AFXMLRequestOperation.m */ = {isa = PBXFileReference; fileEncoding = 4; lastKnownFileType = sourcecode.c.objc; path = AFXMLRequestOperation.m; sourceTree = "<group>"; };
		EDB72FAA16A9F7C900AB5135 /* UIImageView+AFNetworking.h */ = {isa = PBXFileReference; fileEncoding = 4; lastKnownFileType = sourcecode.c.h; path = "UIImageView+AFNetworking.h"; sourceTree = "<group>"; };
		EDB72FAB16A9F7C900AB5135 /* UIImageView+AFNetworking.m */ = {isa = PBXFileReference; fileEncoding = 4; lastKnownFileType = sourcecode.c.objc; path = "UIImageView+AFNetworking.m"; sourceTree = "<group>"; };
		EDB72FB916A9F8DB00AB5135 /* MobileCoreServices.framework */ = {isa = PBXFileReference; lastKnownFileType = wrapper.framework; name = MobileCoreServices.framework; path = System/Library/Frameworks/MobileCoreServices.framework; sourceTree = SDKROOT; };
		EDCDA0AA16A9C94000D2B614 /* tapebooth.app */ = {isa = PBXFileReference; explicitFileType = wrapper.application; includeInIndex = 0; path = tapebooth.app; sourceTree = BUILT_PRODUCTS_DIR; };
		EDCDA0AE16A9C94000D2B614 /* UIKit.framework */ = {isa = PBXFileReference; lastKnownFileType = wrapper.framework; name = UIKit.framework; path = System/Library/Frameworks/UIKit.framework; sourceTree = SDKROOT; };
		EDCDA0B016A9C94000D2B614 /* Foundation.framework */ = {isa = PBXFileReference; lastKnownFileType = wrapper.framework; name = Foundation.framework; path = System/Library/Frameworks/Foundation.framework; sourceTree = SDKROOT; };
		EDCDA0B216A9C94000D2B614 /* CoreGraphics.framework */ = {isa = PBXFileReference; lastKnownFileType = wrapper.framework; name = CoreGraphics.framework; path = System/Library/Frameworks/CoreGraphics.framework; sourceTree = SDKROOT; };
		EDCDA0B416A9C94000D2B614 /* CoreData.framework */ = {isa = PBXFileReference; lastKnownFileType = wrapper.framework; name = CoreData.framework; path = System/Library/Frameworks/CoreData.framework; sourceTree = SDKROOT; };
		EDCDA0B816A9C94000D2B614 /* tapebooth-Info.plist */ = {isa = PBXFileReference; lastKnownFileType = text.plist.xml; path = "tapebooth-Info.plist"; sourceTree = "<group>"; };
		EDCDA0BA16A9C94000D2B614 /* en */ = {isa = PBXFileReference; lastKnownFileType = text.plist.strings; name = en; path = en.lproj/InfoPlist.strings; sourceTree = "<group>"; };
		EDCDA0BC16A9C94000D2B614 /* main.m */ = {isa = PBXFileReference; lastKnownFileType = sourcecode.c.objc; path = main.m; sourceTree = "<group>"; };
		EDCDA0BE16A9C94000D2B614 /* tapebooth-Prefix.pch */ = {isa = PBXFileReference; lastKnownFileType = sourcecode.c.h; path = "tapebooth-Prefix.pch"; sourceTree = "<group>"; };
		EDCDA0BF16A9C94000D2B614 /* ICAppDelegate.h */ = {isa = PBXFileReference; lastKnownFileType = sourcecode.c.h; path = ICAppDelegate.h; sourceTree = "<group>"; };
		EDCDA0C016A9C94000D2B614 /* ICAppDelegate.m */ = {isa = PBXFileReference; lastKnownFileType = sourcecode.c.objc; path = ICAppDelegate.m; sourceTree = "<group>"; };
		EDCDA0C216A9C94000D2B614 /* Default.png */ = {isa = PBXFileReference; lastKnownFileType = image.png; path = Default.png; sourceTree = "<group>"; };
		EDCDA0C416A9C94000D2B614 /* Default@2x.png */ = {isa = PBXFileReference; lastKnownFileType = image.png; path = "Default@2x.png"; sourceTree = "<group>"; };
		EDCDA0C616A9C94000D2B614 /* Default-568h@2x.png */ = {isa = PBXFileReference; lastKnownFileType = image.png; path = "Default-568h@2x.png"; sourceTree = "<group>"; };
		EDCDA0C916A9C94000D2B614 /* tapebooth.xcdatamodel */ = {isa = PBXFileReference; lastKnownFileType = wrapper.xcdatamodel; path = tapebooth.xcdatamodel; sourceTree = "<group>"; };
		EDCDA0D316A9C98400D2B614 /* Storyboard.storyboard */ = {isa = PBXFileReference; fileEncoding = 4; lastKnownFileType = file.storyboard; path = Storyboard.storyboard; sourceTree = "<group>"; };
		EDCDA0FD16A9CDBE00D2B614 /* ICDefinitions.h */ = {isa = PBXFileReference; lastKnownFileType = sourcecode.c.h; path = ICDefinitions.h; sourceTree = "<group>"; };
		EDCDA10116A9CF2B00D2B614 /* libz.1.2.5.dylib */ = {isa = PBXFileReference; lastKnownFileType = "compiled.mach-o.dylib"; name = libz.1.2.5.dylib; path = usr/lib/libz.1.2.5.dylib; sourceTree = SDKROOT; };
		EDCDA10316A9CF3100D2B614 /* SystemConfiguration.framework */ = {isa = PBXFileReference; lastKnownFileType = wrapper.framework; name = SystemConfiguration.framework; path = System/Library/Frameworks/SystemConfiguration.framework; sourceTree = SDKROOT; };
		EDCDA10516A9CF3500D2B614 /* ImageIO.framework */ = {isa = PBXFileReference; lastKnownFileType = wrapper.framework; name = ImageIO.framework; path = System/Library/Frameworks/ImageIO.framework; sourceTree = SDKROOT; };
		EDCDA10716A9CF3A00D2B614 /* QuartzCore.framework */ = {isa = PBXFileReference; lastKnownFileType = wrapper.framework; name = QuartzCore.framework; path = System/Library/Frameworks/QuartzCore.framework; sourceTree = SDKROOT; };
		EDCDA10916A9CF6D00D2B614 /* Security.framework */ = {isa = PBXFileReference; lastKnownFileType = wrapper.framework; name = Security.framework; path = System/Library/Frameworks/Security.framework; sourceTree = SDKROOT; };
		EDCDA10B16A9CF7200D2B614 /* CFNetwork.framework */ = {isa = PBXFileReference; lastKnownFileType = wrapper.framework; name = CFNetwork.framework; path = System/Library/Frameworks/CFNetwork.framework; sourceTree = SDKROOT; };
/* End PBXFileReference section */

/* Begin PBXFrameworksBuildPhase section */
		EDCDA0A716A9C94000D2B614 /* Frameworks */ = {
			isa = PBXFrameworksBuildPhase;
			buildActionMask = 2147483647;
			files = (
				EDB72FBA16A9F8DB00AB5135 /* MobileCoreServices.framework in Frameworks */,
				EDCDA10C16A9CF7200D2B614 /* CFNetwork.framework in Frameworks */,
				EDCDA10A16A9CF6D00D2B614 /* Security.framework in Frameworks */,
				EDCDA10816A9CF3A00D2B614 /* QuartzCore.framework in Frameworks */,
				EDCDA10616A9CF3500D2B614 /* ImageIO.framework in Frameworks */,
				EDCDA10416A9CF3100D2B614 /* SystemConfiguration.framework in Frameworks */,
				EDCDA10216A9CF2B00D2B614 /* libz.1.2.5.dylib in Frameworks */,
				EDCDA0AF16A9C94000D2B614 /* UIKit.framework in Frameworks */,
				EDCDA0B116A9C94000D2B614 /* Foundation.framework in Frameworks */,
				EDCDA0B316A9C94000D2B614 /* CoreGraphics.framework in Frameworks */,
				EDCDA0B516A9C94000D2B614 /* CoreData.framework in Frameworks */,
			);
			runOnlyForDeploymentPostprocessing = 0;
		};
/* End PBXFrameworksBuildPhase section */

/* Begin PBXGroup section */
		ED059C1D16AAACFD0085BC0B /* BWStatusBarOverlay */ = {
			isa = PBXGroup;
			children = (
				ED059C1E16AAACFD0085BC0B /* BWStatusBarOverlay.h */,
				ED059C1F16AAACFD0085BC0B /* BWStatusBarOverlay.m */,
				ED059C2016AAACFD0085BC0B /* status-bar-pattern-black.jpg */,
				ED059C2116AAACFD0085BC0B /* status-bar-pattern-black@2x.jpg */,
				ED059C2216AAACFD0085BC0B /* status-bar-pattern-default.jpg */,
				ED059C2316AAACFD0085BC0B /* status-bar-pattern-default@2x.jpg */,
				ED059C2416AAACFD0085BC0B /* status-bar-progress.png */,
				ED059C2516AAACFD0085BC0B /* status-bar-progress@2x.png */,
			);
			path = BWStatusBarOverlay;
			sourceTree = "<group>";
		};
		ED37F3E316AABDB8000388AF /* PaperFold */ = {
			isa = PBXGroup;
			children = (
				ED37F3E416AABDB8000388AF /* FacingView.h */,
				ED37F3E516AABDB8000388AF /* FacingView.m */,
				ED37F3E616AABDB8000388AF /* FoldView.h */,
				ED37F3E716AABDB8000388AF /* FoldView.m */,
				ED37F3E816AABDB8000388AF /* MultiFoldView.h */,
				ED37F3E916AABDB8000388AF /* MultiFoldView.m */,
				ED37F3EA16AABDB8000388AF /* PaperFoldConstants.h */,
				ED37F3EB16AABDB8000388AF /* PaperFoldNavigationController.h */,
				ED37F3EC16AABDB8000388AF /* PaperFoldNavigationController.m */,
				ED37F3ED16AABDB8000388AF /* PaperFoldResources.bundle */,
				ED37F3EE16AABDB8000388AF /* PaperFoldSwipeHintView.h */,
				ED37F3EF16AABDB8000388AF /* PaperFoldSwipeHintView.m */,
				ED37F3F016AABDB8000388AF /* PaperFoldView.h */,
				ED37F3F116AABDB8000388AF /* PaperFoldView.m */,
				ED37F3F216AABDB8000388AF /* Resources */,
				ED37F3F516AABDB8000388AF /* ShadowView.h */,
				ED37F3F616AABDB8000388AF /* ShadowView.m */,
				ED37F3F716AABDB8000388AF /* TouchThroughUIView.h */,
				ED37F3F816AABDB8000388AF /* TouchThroughUIView.m */,
				ED37F3F916AABDB8000388AF /* UIView+Screenshot.h */,
				ED37F3FA16AABDB8000388AF /* UIView+Screenshot.m */,
			);
			path = PaperFold;
			sourceTree = "<group>";
		};
		ED37F3F216AABDB8000388AF /* Resources */ = {
			isa = PBXGroup;
			children = (
				ED37F3F316AABDB8000388AF /* swipe_guide.psd */,
				ED37F3F416AABDB8000388AF /* swipe_guide2.psd */,
			);
			path = Resources;
			sourceTree = "<group>";
		};
		ED5E2F9716AA99DC00BB1418 /* EssentialImager */ = {
			isa = PBXGroup;
			children = (
				ED5E2F9816AA99DC00BB1418 /* EDStorage */,
				ED5E2FA216AA99DC00BB1418 /* EIImagePickerDelegate.h */,
				ED5E2FA316AA99DC00BB1418 /* EIImagePickerDelegate.m */,
				ED5E2FA416AA99DC00BB1418 /* EssentialImager.h */,
				ED5E2FA516AA99DC00BB1418 /* StandardPaths */,
				ED5E2FA816AA99DC00BB1418 /* UIImage+Resize.h */,
				ED5E2FA916AA99DC00BB1418 /* UIImage+Resize.m */,
			);
			path = EssentialImager;
			sourceTree = "<group>";
		};
		ED5E2F9816AA99DC00BB1418 /* EDStorage */ = {
			isa = PBXGroup;
			children = (
				ED5E2F9916AA99DC00BB1418 /* EDStorage.h */,
				ED5E2F9A16AA99DC00BB1418 /* EDStorageManager.h */,
				ED5E2F9B16AA99DC00BB1418 /* EDStorageManager.m */,
				ED5E2F9C16AA99DC00BB1418 /* EDStorageOperation.h */,
				ED5E2F9D16AA99DC00BB1418 /* EDStorageOperation.m */,
				ED5E2F9E16AA99DC00BB1418 /* NSData+Storage.h */,
				ED5E2F9F16AA99DC00BB1418 /* NSData+Storage.m */,
				ED5E2FA016AA99DC00BB1418 /* UIImage+Storage.h */,
				ED5E2FA116AA99DC00BB1418 /* UIImage+Storage.m */,
			);
			path = EDStorage;
			sourceTree = "<group>";
		};
		ED5E2FA516AA99DC00BB1418 /* StandardPaths */ = {
			isa = PBXGroup;
			children = (
				ED5E2FA616AA99DC00BB1418 /* StandardPaths.h */,
				ED5E2FA716AA99DC00BB1418 /* StandardPaths.m */,
			);
			path = StandardPaths;
			sourceTree = "<group>";
		};
		ED63104D16AA2F42001E0CE2 /* Images */ = {
			isa = PBXGroup;
			children = (
				ED67337416AADE360054E31F /* MenuItemBackground@2x.png */,
				ED67337516AADE360054E31F /* MenuItemBackground.png */,
				ED67404416AAD9FE0096421F /* NameBadge@2x.png */,
				ED67404516AAD9FE0096421F /* NameBadge.png */,
				ED67404016AAD9510096421F /* ProfileBackground.png */,
				ED67404116AAD9510096421F /* ProfileBackground@2x.png */,
				ED63107F16AA3EC9001E0CE2 /* SettingsBarButton@2x.png */,
				ED63108016AA3EC9001E0CE2 /* SettingsBarButton.png */,
				ED63108116AA3EC9001E0CE2 /* BackBarButton@2x.png */,
				ED63108216AA3EC9001E0CE2 /* BackBarButton.png */,
				ED63107B16AA368C001E0CE2 /* DocumentCellBackground@2x.png */,
				ED63107C16AA368C001E0CE2 /* DocumentCellBackground.png */,
				ED63104E16AA2F42001E0CE2 /* FabricBackground.png */,
				ED63104F16AA2F42001E0CE2 /* FabricBackground@2x.png */,
				ED63105016AA2F42001E0CE2 /* GreetingOverlay.png */,
				ED63105116AA2F42001E0CE2 /* GreetingOverlay@2x.png */,
				ED63105216AA2F42001E0CE2 /* TopBar.png */,
				ED63105316AA2F42001E0CE2 /* TopBar@2x.png */,
			);
			path = Images;
			sourceTree = "<group>";
		};
		ED63105B16AA3520001E0CE2 /* SDWebImage */ = {
			isa = PBXGroup;
			children = (
				ED63105E16AA3520001E0CE2 /* SDImageCache.h */,
				ED63105F16AA3520001E0CE2 /* SDImageCache.m */,
				ED63106016AA3520001E0CE2 /* SDWebImageCompat.h */,
				ED63106116AA3520001E0CE2 /* SDWebImageCompat.m */,
				ED63106216AA3520001E0CE2 /* SDWebImageDecoder.h */,
				ED63106316AA3520001E0CE2 /* SDWebImageDecoder.m */,
				ED63106416AA3520001E0CE2 /* SDWebImageDownloader.h */,
				ED63106516AA3520001E0CE2 /* SDWebImageDownloader.m */,
				ED63106616AA3520001E0CE2 /* SDWebImageDownloaderOperation.h */,
				ED63106716AA3520001E0CE2 /* SDWebImageDownloaderOperation.m */,
				ED63106816AA3520001E0CE2 /* SDWebImageManager.h */,
				ED63106916AA3520001E0CE2 /* SDWebImageManager.m */,
				ED63106A16AA3520001E0CE2 /* SDWebImageOperation.h */,
				ED63106B16AA3520001E0CE2 /* SDWebImagePrefetcher.h */,
				ED63106C16AA3520001E0CE2 /* SDWebImagePrefetcher.m */,
				ED63106D16AA3520001E0CE2 /* UIButton+WebCache.h */,
				ED63106E16AA3520001E0CE2 /* UIButton+WebCache.m */,
				ED63106F16AA3520001E0CE2 /* UIImageView+WebCache.h */,
				ED63107016AA3520001E0CE2 /* UIImageView+WebCache.m */,
			);
			path = SDWebImage;
			sourceTree = "<group>";
		};
		ED9E688B16AA139F00AE10BC /* Categories */ = {
			isa = PBXGroup;
			children = (
				ED9E688C16AA139F00AE10BC /* NSString+URLEncoding.h */,
				ED9E688D16AA139F00AE10BC /* NSString+URLEncoding.m */,
			);
			path = Categories;
			sourceTree = "<group>";
		};
		EDB72F9816A9F7C900AB5135 /* AFNetworking */ = {
			isa = PBXGroup;
			children = (
				EDB72F9916A9F7C900AB5135 /* AFHTTPClient.h */,
				EDB72F9A16A9F7C900AB5135 /* AFHTTPClient.m */,
				EDB72F9B16A9F7C900AB5135 /* AFHTTPRequestOperation.h */,
				EDB72F9C16A9F7C900AB5135 /* AFHTTPRequestOperation.m */,
				EDB72F9D16A9F7C900AB5135 /* AFImageRequestOperation.h */,
				EDB72F9E16A9F7C900AB5135 /* AFImageRequestOperation.m */,
				EDB72F9F16A9F7C900AB5135 /* AFJSONRequestOperation.h */,
				EDB72FA016A9F7C900AB5135 /* AFJSONRequestOperation.m */,
				EDB72FA116A9F7C900AB5135 /* AFNetworkActivityIndicatorManager.h */,
				EDB72FA216A9F7C900AB5135 /* AFNetworkActivityIndicatorManager.m */,
				EDB72FA316A9F7C900AB5135 /* AFNetworking.h */,
				EDB72FA416A9F7C900AB5135 /* AFPropertyListRequestOperation.h */,
				EDB72FA516A9F7C900AB5135 /* AFPropertyListRequestOperation.m */,
				EDB72FA616A9F7C900AB5135 /* AFURLConnectionOperation.h */,
				EDB72FA716A9F7C900AB5135 /* AFURLConnectionOperation.m */,
				EDB72FA816A9F7C900AB5135 /* AFXMLRequestOperation.h */,
				EDB72FA916A9F7C900AB5135 /* AFXMLRequestOperation.m */,
				EDB72FAA16A9F7C900AB5135 /* UIImageView+AFNetworking.h */,
				EDB72FAB16A9F7C900AB5135 /* UIImageView+AFNetworking.m */,
			);
			path = AFNetworking;
			sourceTree = "<group>";
		};
		EDCDA09F16A9C94000D2B614 = {
			isa = PBXGroup;
			children = (
				ED287BE916AA4A8E009C2344 /* Icon.png */,
				ED287BE616AA4A8A009C2344 /* Icon@2x.png */,
				EDCDA0B616A9C94000D2B614 /* tapebooth */,
				EDCDA0AD16A9C94000D2B614 /* Frameworks */,
				EDCDA0AB16A9C94000D2B614 /* Products */,
			);
			sourceTree = "<group>";
		};
		EDCDA0AB16A9C94000D2B614 /* Products */ = {
			isa = PBXGroup;
			children = (
				EDCDA0AA16A9C94000D2B614 /* tapebooth.app */,
			);
			name = Products;
			sourceTree = "<group>";
		};
		EDCDA0AD16A9C94000D2B614 /* Frameworks */ = {
			isa = PBXGroup;
			children = (
				EDB72FB916A9F8DB00AB5135 /* MobileCoreServices.framework */,
				EDCDA10B16A9CF7200D2B614 /* CFNetwork.framework */,
				EDCDA10916A9CF6D00D2B614 /* Security.framework */,
				EDCDA10716A9CF3A00D2B614 /* QuartzCore.framework */,
				EDCDA10516A9CF3500D2B614 /* ImageIO.framework */,
				EDCDA10316A9CF3100D2B614 /* SystemConfiguration.framework */,
				EDCDA10116A9CF2B00D2B614 /* libz.1.2.5.dylib */,
				EDCDA0AE16A9C94000D2B614 /* UIKit.framework */,
				EDCDA0B016A9C94000D2B614 /* Foundation.framework */,
				EDCDA0B216A9C94000D2B614 /* CoreGraphics.framework */,
				EDCDA0B416A9C94000D2B614 /* CoreData.framework */,
			);
			name = Frameworks;
			sourceTree = "<group>";
		};
		EDCDA0B616A9C94000D2B614 /* tapebooth */ = {
			isa = PBXGroup;
			children = (
				ED63104D16AA2F42001E0CE2 /* Images */,
				ED9E688B16AA139F00AE10BC /* Categories */,
				EDCDA0D516A9CA6B00D2B614 /* Libraries */,
				EDCDA0D016A9C97500D2B614 /* Controller */,
				EDCDA0D116A9C97500D2B614 /* Model */,
				EDCDA0D216A9C97500D2B614 /* View */,
				EDCDA0FD16A9CDBE00D2B614 /* ICDefinitions.h */,
				EDCDA0BF16A9C94000D2B614 /* ICAppDelegate.h */,
				EDCDA0C016A9C94000D2B614 /* ICAppDelegate.m */,
				EDCDA0C816A9C94000D2B614 /* tapebooth.xcdatamodeld */,
				EDCDA0B716A9C94000D2B614 /* Supporting Files */,
			);
			path = tapebooth;
			sourceTree = "<group>";
		};
		EDCDA0B716A9C94000D2B614 /* Supporting Files */ = {
			isa = PBXGroup;
			children = (
				EDCDA0B816A9C94000D2B614 /* tapebooth-Info.plist */,
				EDCDA0B916A9C94000D2B614 /* InfoPlist.strings */,
				EDCDA0BC16A9C94000D2B614 /* main.m */,
				EDCDA0BE16A9C94000D2B614 /* tapebooth-Prefix.pch */,
				EDCDA0C216A9C94000D2B614 /* Default.png */,
				EDCDA0C416A9C94000D2B614 /* Default@2x.png */,
				EDCDA0C616A9C94000D2B614 /* Default-568h@2x.png */,
			);
			name = "Supporting Files";
			sourceTree = "<group>";
		};
		EDCDA0D016A9C97500D2B614 /* Controller */ = {
			isa = PBXGroup;
			children = (
				ED9BE09716AA17B20000E61D /* ICAuthViewViewController.h */,
				ED9BE09816AA17B20000E61D /* ICAuthViewViewController.m */,
				EDB72F9216A9EDBF00AB5135 /* ICWelcomeViewController.h */,
				EDB72F9316A9EDBF00AB5135 /* ICWelcomeViewController.m */,
				EDB39BC316AA257800614C87 /* ICApiRequestController.h */,
				EDB39BC416AA257800614C87 /* ICApiRequestController.m */,
				ED1900AA16AA413000865CB2 /* ICImageViewController.h */,
				ED1900AB16AA413000865CB2 /* ICImageViewController.m */,
			);
			path = Controller;
			sourceTree = "<group>";
		};
		EDCDA0D116A9C97500D2B614 /* Model */ = {
			isa = PBXGroup;
			children = (
				EDB39BCC16AA272800614C87 /* ICPrefs.h */,
				EDB39BCD16AA272800614C87 /* ICPrefs.m */,
				EDB39BCF16AA287800614C87 /* ICDocument.h */,
				EDB39BD016AA287800614C87 /* ICDocument.m */,
			);
			path = Model;
			sourceTree = "<group>";
		};
		EDCDA0D216A9C97500D2B614 /* View */ = {
			isa = PBXGroup;
			children = (
				EDCDA0D316A9C98400D2B614 /* Storyboard.storyboard */,
			);
			path = View;
			sourceTree = "<group>";
		};
		EDCDA0D516A9CA6B00D2B614 /* Libraries */ = {
			isa = PBXGroup;
			children = (
				ED37F3E316AABDB8000388AF /* PaperFold */,
				ED059C1D16AAACFD0085BC0B /* BWStatusBarOverlay */,
				ED5E2F9716AA99DC00BB1418 /* EssentialImager */,
				ED63105B16AA3520001E0CE2 /* SDWebImage */,
				EDB72F9816A9F7C900AB5135 /* AFNetworking */,
			);
			path = Libraries;
			sourceTree = "<group>";
		};
/* End PBXGroup section */

/* Begin PBXNativeTarget section */
		EDCDA0A916A9C94000D2B614 /* tapebooth */ = {
			isa = PBXNativeTarget;
			buildConfigurationList = EDCDA0CD16A9C94000D2B614 /* Build configuration list for PBXNativeTarget "tapebooth" */;
			buildPhases = (
				EDCDA0A616A9C94000D2B614 /* Sources */,
				EDCDA0A716A9C94000D2B614 /* Frameworks */,
				EDCDA0A816A9C94000D2B614 /* Resources */,
			);
			buildRules = (
			);
			dependencies = (
			);
			name = tapebooth;
			productName = tapebooth;
			productReference = EDCDA0AA16A9C94000D2B614 /* tapebooth.app */;
			productType = "com.apple.product-type.application";
		};
/* End PBXNativeTarget section */

/* Begin PBXProject section */
		EDCDA0A116A9C94000D2B614 /* Project object */ = {
			isa = PBXProject;
			attributes = {
				CLASSPREFIX = IC;
				LastUpgradeCheck = 0450;
				ORGANIZATIONNAME = "Marcus Kida [indiecoder.net]";
			};
			buildConfigurationList = EDCDA0A416A9C94000D2B614 /* Build configuration list for PBXProject "tapebooth" */;
			compatibilityVersion = "Xcode 3.2";
			developmentRegion = English;
			hasScannedForEncodings = 0;
			knownRegions = (
				en,
			);
			mainGroup = EDCDA09F16A9C94000D2B614;
			productRefGroup = EDCDA0AB16A9C94000D2B614 /* Products */;
			projectDirPath = "";
			projectRoot = "";
			targets = (
				EDCDA0A916A9C94000D2B614 /* tapebooth */,
			);
		};
/* End PBXProject section */

/* Begin PBXResourcesBuildPhase section */
		EDCDA0A816A9C94000D2B614 /* Resources */ = {
			isa = PBXResourcesBuildPhase;
			buildActionMask = 2147483647;
			files = (
				EDCDA0BB16A9C94000D2B614 /* InfoPlist.strings in Resources */,
				EDCDA0C316A9C94000D2B614 /* Default.png in Resources */,
				EDCDA0C516A9C94000D2B614 /* Default@2x.png in Resources */,
				EDCDA0C716A9C94000D2B614 /* Default-568h@2x.png in Resources */,
				EDCDA0D416A9C98400D2B614 /* Storyboard.storyboard in Resources */,
				ED63105416AA2F42001E0CE2 /* FabricBackground.png in Resources */,
				ED63105516AA2F42001E0CE2 /* FabricBackground@2x.png in Resources */,
				ED63105616AA2F42001E0CE2 /* GreetingOverlay.png in Resources */,
				ED63105716AA2F42001E0CE2 /* GreetingOverlay@2x.png in Resources */,
				ED63105816AA2F42001E0CE2 /* TopBar.png in Resources */,
				ED63105916AA2F42001E0CE2 /* TopBar@2x.png in Resources */,
				ED63107D16AA368C001E0CE2 /* DocumentCellBackground@2x.png in Resources */,
				ED63107E16AA368C001E0CE2 /* DocumentCellBackground.png in Resources */,
				ED63108316AA3EC9001E0CE2 /* SettingsBarButton@2x.png in Resources */,
				ED63108416AA3EC9001E0CE2 /* SettingsBarButton.png in Resources */,
				ED63108516AA3EC9001E0CE2 /* BackBarButton@2x.png in Resources */,
				ED63108616AA3EC9001E0CE2 /* BackBarButton.png in Resources */,
				ED287BE716AA4A8A009C2344 /* Icon@2x.png in Resources */,
				ED287BEA16AA4A8E009C2344 /* Icon.png in Resources */,
				ED059C2716AAACFD0085BC0B /* status-bar-pattern-black.jpg in Resources */,
				ED059C2816AAACFD0085BC0B /* status-bar-pattern-black@2x.jpg in Resources */,
				ED059C2916AAACFD0085BC0B /* status-bar-pattern-default.jpg in Resources */,
				ED059C2A16AAACFD0085BC0B /* status-bar-pattern-default@2x.jpg in Resources */,
				ED059C2B16AAACFD0085BC0B /* status-bar-progress.png in Resources */,
				ED059C2C16AAACFD0085BC0B /* status-bar-progress@2x.png in Resources */,
				ED37F3FF16AABDB8000388AF /* PaperFoldResources.bundle in Resources */,
				ED37F40216AABDB8000388AF /* swipe_guide.psd in Resources */,
				ED37F40316AABDB8000388AF /* swipe_guide2.psd in Resources */,
				ED67404216AAD9510096421F /* ProfileBackground.png in Resources */,
				ED67404316AAD9510096421F /* ProfileBackground@2x.png in Resources */,
				ED67404616AAD9FE0096421F /* NameBadge@2x.png in Resources */,
				ED67404716AAD9FE0096421F /* NameBadge.png in Resources */,
				ED67337616AADE360054E31F /* MenuItemBackground@2x.png in Resources */,
				ED67337716AADE360054E31F /* MenuItemBackground.png in Resources */,
			);
			runOnlyForDeploymentPostprocessing = 0;
		};
/* End PBXResourcesBuildPhase section */

/* Begin PBXSourcesBuildPhase section */
		EDCDA0A616A9C94000D2B614 /* Sources */ = {
			isa = PBXSourcesBuildPhase;
			buildActionMask = 2147483647;
			files = (
				EDCDA0BD16A9C94000D2B614 /* main.m in Sources */,
				EDCDA0C116A9C94000D2B614 /* ICAppDelegate.m in Sources */,
				EDCDA0CA16A9C94000D2B614 /* tapebooth.xcdatamodeld in Sources */,
				EDB72F9416A9EDBF00AB5135 /* ICWelcomeViewController.m in Sources */,
				EDB72FAC16A9F7C900AB5135 /* AFHTTPClient.m in Sources */,
				EDB72FAD16A9F7C900AB5135 /* AFHTTPRequestOperation.m in Sources */,
				EDB72FAE16A9F7C900AB5135 /* AFImageRequestOperation.m in Sources */,
				EDB72FAF16A9F7C900AB5135 /* AFJSONRequestOperation.m in Sources */,
				EDB72FB016A9F7C900AB5135 /* AFNetworkActivityIndicatorManager.m in Sources */,
				EDB72FB116A9F7C900AB5135 /* AFPropertyListRequestOperation.m in Sources */,
				EDB72FB216A9F7C900AB5135 /* AFURLConnectionOperation.m in Sources */,
				EDB72FB316A9F7C900AB5135 /* AFXMLRequestOperation.m in Sources */,
				EDB72FB416A9F7C900AB5135 /* UIImageView+AFNetworking.m in Sources */,
				ED9E688E16AA139F00AE10BC /* NSString+URLEncoding.m in Sources */,
				ED9BE09916AA17B20000E61D /* ICAuthViewViewController.m in Sources */,
				EDB39BC516AA257800614C87 /* ICApiRequestController.m in Sources */,
				EDB39BCE16AA272800614C87 /* ICPrefs.m in Sources */,
				EDB39BD116AA287800614C87 /* ICDocument.m in Sources */,
				ED63107216AA3520001E0CE2 /* SDImageCache.m in Sources */,
				ED63107316AA3520001E0CE2 /* SDWebImageCompat.m in Sources */,
				ED63107416AA3520001E0CE2 /* SDWebImageDecoder.m in Sources */,
				ED63107516AA3520001E0CE2 /* SDWebImageDownloader.m in Sources */,
				ED63107616AA3520001E0CE2 /* SDWebImageDownloaderOperation.m in Sources */,
				ED63107716AA3520001E0CE2 /* SDWebImageManager.m in Sources */,
				ED63107816AA3520001E0CE2 /* SDWebImagePrefetcher.m in Sources */,
				ED63107916AA3520001E0CE2 /* UIButton+WebCache.m in Sources */,
				ED63107A16AA3520001E0CE2 /* UIImageView+WebCache.m in Sources */,
				ED1900AC16AA413000865CB2 /* ICImageViewController.m in Sources */,
				ED5E2FAA16AA99DC00BB1418 /* EDStorageManager.m in Sources */,
				ED5E2FAB16AA99DC00BB1418 /* EDStorageOperation.m in Sources */,
				ED5E2FAC16AA99DC00BB1418 /* NSData+Storage.m in Sources */,
				ED5E2FAD16AA99DC00BB1418 /* UIImage+Storage.m in Sources */,
				ED5E2FAE16AA99DC00BB1418 /* EIImagePickerDelegate.m in Sources */,
				ED5E2FAF16AA99DC00BB1418 /* StandardPaths.m in Sources */,
				ED5E2FB016AA99DC00BB1418 /* UIImage+Resize.m in Sources */,
				ED059C2616AAACFD0085BC0B /* BWStatusBarOverlay.m in Sources */,
				ED37F3FB16AABDB8000388AF /* FacingView.m in Sources */,
				ED37F3FC16AABDB8000388AF /* FoldView.m in Sources */,
				ED37F3FD16AABDB8000388AF /* MultiFoldView.m in Sources */,
				ED37F3FE16AABDB8000388AF /* PaperFoldNavigationController.m in Sources */,
				ED37F40016AABDB8000388AF /* PaperFoldSwipeHintView.m in Sources */,
				ED37F40116AABDB8000388AF /* PaperFoldView.m in Sources */,
				ED37F40416AABDB8000388AF /* ShadowView.m in Sources */,
				ED37F40516AABDB8000388AF /* TouchThroughUIView.m in Sources */,
				ED37F40616AABDB8000388AF /* UIView+Screenshot.m in Sources */,
			);
			runOnlyForDeploymentPostprocessing = 0;
		};
/* End PBXSourcesBuildPhase section */

/* Begin PBXVariantGroup section */
		EDCDA0B916A9C94000D2B614 /* InfoPlist.strings */ = {
			isa = PBXVariantGroup;
			children = (
				EDCDA0BA16A9C94000D2B614 /* en */,
			);
			name = InfoPlist.strings;
			sourceTree = "<group>";
		};
/* End PBXVariantGroup section */

/* Begin XCBuildConfiguration section */
		EDCDA0CB16A9C94000D2B614 /* Debug */ = {
			isa = XCBuildConfiguration;
			buildSettings = {
				ALWAYS_SEARCH_USER_PATHS = NO;
				CLANG_CXX_LANGUAGE_STANDARD = "gnu++0x";
				CLANG_CXX_LIBRARY = "libc++";
				CLANG_ENABLE_OBJC_ARC = YES;
				CLANG_WARN_EMPTY_BODY = YES;
				CLANG_WARN__DUPLICATE_METHOD_MATCH = YES;
				"CODE_SIGN_IDENTITY[sdk=iphoneos*]" = "iPhone Developer";
				COPY_PHASE_STRIP = NO;
				GCC_C_LANGUAGE_STANDARD = gnu99;
				GCC_DYNAMIC_NO_PIC = NO;
				GCC_OPTIMIZATION_LEVEL = 0;
				GCC_PREPROCESSOR_DEFINITIONS = (
					"DEBUG=1",
					"$(inherited)",
				);
				GCC_SYMBOLS_PRIVATE_EXTERN = NO;
				GCC_WARN_ABOUT_RETURN_TYPE = YES;
				GCC_WARN_UNINITIALIZED_AUTOS = YES;
				GCC_WARN_UNUSED_VARIABLE = YES;
				HEADER_SEARCH_PATHS = "";
				IPHONEOS_DEPLOYMENT_TARGET = 5.0;
				SDKROOT = iphoneos;
			};
			name = Debug;
		};
		EDCDA0CC16A9C94000D2B614 /* Release */ = {
			isa = XCBuildConfiguration;
			buildSettings = {
				ALWAYS_SEARCH_USER_PATHS = NO;
				CLANG_CXX_LANGUAGE_STANDARD = "gnu++0x";
				CLANG_CXX_LIBRARY = "libc++";
				CLANG_ENABLE_OBJC_ARC = YES;
				CLANG_WARN_EMPTY_BODY = YES;
				CLANG_WARN__DUPLICATE_METHOD_MATCH = YES;
				"CODE_SIGN_IDENTITY[sdk=iphoneos*]" = "iPhone Developer";
				COPY_PHASE_STRIP = YES;
				GCC_C_LANGUAGE_STANDARD = gnu99;
				GCC_WARN_ABOUT_RETURN_TYPE = YES;
				GCC_WARN_UNINITIALIZED_AUTOS = YES;
				GCC_WARN_UNUSED_VARIABLE = YES;
				HEADER_SEARCH_PATHS = "";
				IPHONEOS_DEPLOYMENT_TARGET = 5.0;
				OTHER_CFLAGS = "-DNS_BLOCK_ASSERTIONS=1";
				SDKROOT = iphoneos;
				VALIDATE_PRODUCT = YES;
			};
			name = Release;
		};
		EDCDA0CE16A9C94000D2B614 /* Debug */ = {
			isa = XCBuildConfiguration;
			buildSettings = {
				GCC_PRECOMPILE_PREFIX_HEADER = YES;
				GCC_PREFIX_HEADER = "tapebooth/tapebooth-Prefix.pch";
				INFOPLIST_FILE = "tapebooth/tapebooth-Info.plist";
				PRODUCT_NAME = "$(TARGET_NAME)";
				WRAPPER_EXTENSION = app;
			};
			name = Debug;
		};
		EDCDA0CF16A9C94000D2B614 /* Release */ = {
			isa = XCBuildConfiguration;
			buildSettings = {
				GCC_PRECOMPILE_PREFIX_HEADER = YES;
				GCC_PREFIX_HEADER = "tapebooth/tapebooth-Prefix.pch";
				INFOPLIST_FILE = "tapebooth/tapebooth-Info.plist";
				PRODUCT_NAME = "$(TARGET_NAME)";
				WRAPPER_EXTENSION = app;
			};
			name = Release;
		};
/* End XCBuildConfiguration section */

/* Begin XCConfigurationList section */
		EDCDA0A416A9C94000D2B614 /* Build configuration list for PBXProject "tapebooth" */ = {
			isa = XCConfigurationList;
			buildConfigurations = (
				EDCDA0CB16A9C94000D2B614 /* Debug */,
				EDCDA0CC16A9C94000D2B614 /* Release */,
			);
			defaultConfigurationIsVisible = 0;
			defaultConfigurationName = Release;
		};
		EDCDA0CD16A9C94000D2B614 /* Build configuration list for PBXNativeTarget "tapebooth" */ = {
			isa = XCConfigurationList;
			buildConfigurations = (
				EDCDA0CE16A9C94000D2B614 /* Debug */,
				EDCDA0CF16A9C94000D2B614 /* Release */,
			);
			defaultConfigurationIsVisible = 0;
			defaultConfigurationName = Release;
		};
/* End XCConfigurationList section */

/* Begin XCVersionGroup section */
		EDCDA0C816A9C94000D2B614 /* tapebooth.xcdatamodeld */ = {
			isa = XCVersionGroup;
			children = (
				EDCDA0C916A9C94000D2B614 /* tapebooth.xcdatamodel */,
			);
			currentVersion = EDCDA0C916A9C94000D2B614 /* tapebooth.xcdatamodel */;
			path = tapebooth.xcdatamodeld;
			sourceTree = "<group>";
			versionGroupType = wrapper.xcdatamodel;
		};
/* End XCVersionGroup section */
	};
	rootObject = EDCDA0A116A9C94000D2B614 /* Project object */;
}
